
Microsoft Visual Studio Solution File, Format Version 12.00
# Visual Studio Version 16
VisualStudioVersion = 16.0.30114.105
MinimumVisualStudioVersion = 10.0.40219.1
Project("{FAE04EC0-301F-11D3-BF4B-00C04F79EFBC}") = "NeuralNetwork", "NeuralNetwork\NeuralNetwork.csproj", "{1BEC5FE8-5E71-48AE-9AD9-DE483B81D78C}"
EndProject
Project("{FAE04EC0-301F-11D3-BF4B-00C04F79EFBC}") = "NeuralNetwork.Tests", "NeuralNetwork.Tests\NeuralNetwork.Tests.csproj", "{C82BA0CA-2F27-4423-BD9B-4C5EDE4A2DEF}"
EndProject
Project("{FAE04EC0-301F-11D3-BF4B-00C04F79EFBC}") = "NeuralNetwork.Main", "NeuralNetwork.Main\NeuralNetwork.Main.csproj", "{D87E9061-7BE8-41B1-A61F-F8F8CE6053FF}"
EndProject
Global
	GlobalSection(SolutionConfigurationPlatforms) = preSolution
		Debug|Any CPU = Debug|Any CPU
		Debug|x64 = Debug|x64
		Debug|x86 = Debug|x86
		Release|Any CPU = Release|Any CPU
		Release|x64 = Release|x64
		Release|x86 = Release|x86
	EndGlobalSection
	GlobalSection(SolutionProperties) = preSolution
		HideSolutionNode = FALSE
	EndGlobalSection
	GlobalSection(ProjectConfigurationPlatforms) = postSolution
		{1BEC5FE8-5E71-48AE-9AD9-DE483B81D78C}.Debug|Any CPU.ActiveCfg = Debug|Any CPU
		{1BEC5FE8-5E71-48AE-9AD9-DE483B81D78C}.Debug|Any CPU.Build.0 = Debug|Any CPU
		{1BEC5FE8-5E71-48AE-9AD9-DE483B81D78C}.Debug|x64.ActiveCfg = Debug|Any CPU
		{1BEC5FE8-5E71-48AE-9AD9-DE483B81D78C}.Debug|x64.Build.0 = Debug|Any CPU
		{1BEC5FE8-5E71-48AE-9AD9-DE483B81D78C}.Debug|x86.ActiveCfg = Debug|Any CPU
		{1BEC5FE8-5E71-48AE-9AD9-DE483B81D78C}.Debug|x86.Build.0 = Debug|Any CPU
		{1BEC5FE8-5E71-48AE-9AD9-DE483B81D78C}.Release|Any CPU.ActiveCfg = Release|Any CPU
		{1BEC5FE8-5E71-48AE-9AD9-DE483B81D78C}.Release|Any CPU.Build.0 = Release|Any CPU
		{1BEC5FE8-5E71-48AE-9AD9-DE483B81D78C}.Release|x64.ActiveCfg = Release|Any CPU
		{1BEC5FE8-5E71-48AE-9AD9-DE483B81D78C}.Release|x64.Build.0 = Release|Any CPU
		{1BEC5FE8-5E71-48AE-9AD9-DE483B81D78C}.Release|x86.ActiveCfg = Release|Any CPU
		{1BEC5FE8-5E71-48AE-9AD9-DE483B81D78C}.Release|x86.Build.0 = Release|Any CPU
		{C82BA0CA-2F27-4423-BD9B-4C5EDE4A2DEF}.Debug|Any CPU.ActiveCfg = Debug|Any CPU
		{C82BA0CA-2F27-4423-BD9B-4C5EDE4A2DEF}.Debug|Any CPU.Build.0 = Debug|Any CPU
		{C82BA0CA-2F27-4423-BD9B-4C5EDE4A2DEF}.Debug|x64.ActiveCfg = Debug|Any CPU
		{C82BA0CA-2F27-4423-BD9B-4C5EDE4A2DEF}.Debug|x64.Build.0 = Debug|Any CPU
		{C82BA0CA-2F27-4423-BD9B-4C5EDE4A2DEF}.Debug|x86.ActiveCfg = Debug|Any CPU
		{C82BA0CA-2F27-4423-BD9B-4C5EDE4A2DEF}.Debug|x86.Build.0 = Debug|Any CPU
		{C82BA0CA-2F27-4423-BD9B-4C5EDE4A2DEF}.Release|Any CPU.ActiveCfg = Release|Any CPU
		{C82BA0CA-2F27-4423-BD9B-4C5EDE4A2DEF}.Release|Any CPU.Build.0 = Release|Any CPU
		{C82BA0CA-2F27-4423-BD9B-4C5EDE4A2DEF}.Release|x64.ActiveCfg = Release|Any CPU
		{C82BA0CA-2F27-4423-BD9B-4C5EDE4A2DEF}.Release|x64.Build.0 = Release|Any CPU
		{C82BA0CA-2F27-4423-BD9B-4C5EDE4A2DEF}.Release|x86.ActiveCfg = Release|Any CPU
		{C82BA0CA-2F27-4423-BD9B-4C5EDE4A2DEF}.Release|x86.Build.0 = Release|Any CPU
		{D87E9061-7BE8-41B1-A61F-F8F8CE6053FF}.Debug|Any CPU.ActiveCfg = Debug|Any CPU
		{D87E9061-7BE8-41B1-A61F-F8F8CE6053FF}.Debug|Any CPU.Build.0 = Debug|Any CPU
		{D87E9061-7BE8-41B1-A61F-F8F8CE6053FF}.Debug|x64.ActiveCfg = Debug|Any CPU
		{D87E9061-7BE8-41B1-A61F-F8F8CE6053FF}.Debug|x64.Build.0 = Debug|Any CPU
		{D87E9061-7BE8-41B1-A61F-F8F8CE6053FF}.Debug|x86.ActiveCfg = Debug|Any CPU
		{D87E9061-7BE8-41B1-A61F-F8F8CE6053FF}.Debug|x86.Build.0 = Debug|Any CPU
		{D87E9061-7BE8-41B1-A61F-F8F8CE6053FF}.Release|Any CPU.ActiveCfg = Release|Any CPU
		{D87E9061-7BE8-41B1-A61F-F8F8CE6053FF}.Release|Any CPU.Build.0 = Release|Any CPU
		{D87E9061-7BE8-41B1-A61F-F8F8CE6053FF}.Release|x64.ActiveCfg = Release|Any CPU
		{D87E9061-7BE8-41B1-A61F-F8F8CE6053FF}.Release|x64.Build.0 = Release|Any CPU
		{D87E9061-7BE8-41B1-A61F-F8F8CE6053FF}.Release|x86.ActiveCfg = Release|Any CPU
		{D87E9061-7BE8-41B1-A61F-F8F8CE6053FF}.Release|x86.Build.0 = Release|Any CPU
	EndGlobalSection
EndGlobal
